
Microsoft Visual Studio Solution File, Format Version 12.00
# Visual Studio Version 16
VisualStudioVersion = 16.0.30320.27
MinimumVisualStudioVersion = 10.0.40219.1
Project("{FAE04EC0-301F-11D3-BF4B-00C04F79EFBC}") = "ednevnik", "ednevnik.csproj", "{5C3E3D07-2E7D-42F7-B78F-504978A51C78}"
EndProject
Global
	GlobalSection(SolutionConfigurationPlatforms) = preSolution
		Debug|Any CPU = Debug|Any CPU
		Release|Any CPU = Release|Any CPU
	EndGlobalSection
	GlobalSection(ProjectConfigurationPlatforms) = postSolution
		{5C3E3D07-2E7D-42F7-B78F-504978A51C78}.Debug|Any CPU.ActiveCfg = Debug|Any CPU
		{5C3E3D07-2E7D-42F7-B78F-504978A51C78}.Debug|Any CPU.Build.0 = Debug|Any CPU
		{5C3E3D07-2E7D-42F7-B78F-504978A51C78}.Release|Any CPU.ActiveCfg = Release|Any CPU
		{5C3E3D07-2E7D-42F7-B78F-504978A51C78}.Release|Any CPU.Build.0 = Release|Any CPU
	EndGlobalSection
	GlobalSection(SolutionProperties) = preSolution
		HideSolutionNode = FALSE
	EndGlobalSection
	GlobalSection(ExtensibilityGlobals) = postSolution
		SolutionGuid = {7B2C46E5-4B31-4C4C-A2D1-BA0856DCDD97}
	EndGlobalSection
EndGlobal
